
Microsoft Visual Studio Solution File, Format Version 12.00
# Visual Studio Version 17
VisualStudioVersion = 17.5.33627.172
MinimumVisualStudioVersion = 10.0.40219.1
Project("{FAE04EC0-301F-11D3-BF4B-00C04F79EFBC}") = "Task2.1(ToString method)", "Task2.1(ToString method)\Task2.1(ToString method).csproj", "{4BF43773-CB6F-452F-AFA7-04B2CD063DB2}"
EndProject
Global
	GlobalSection(SolutionConfigurationPlatforms) = preSolution
		Debug|Any CPU = Debug|Any CPU
		Release|Any CPU = Release|Any CPU
	EndGlobalSection
	GlobalSection(ProjectConfigurationPlatforms) = postSolution
		{4BF43773-CB6F-452F-AFA7-04B2CD063DB2}.Debug|Any CPU.ActiveCfg = Debug|Any CPU
		{4BF43773-CB6F-452F-AFA7-04B2CD063DB2}.Debug|Any CPU.Build.0 = Debug|Any CPU
		{4BF43773-CB6F-452F-AFA7-04B2CD063DB2}.Release|Any CPU.ActiveCfg = Release|Any CPU
		{4BF43773-CB6F-452F-AFA7-04B2CD063DB2}.Release|Any CPU.Build.0 = Release|Any CPU
	EndGlobalSection
	GlobalSection(SolutionProperties) = preSolution
		HideSolutionNode = FALSE
	EndGlobalSection
	GlobalSection(ExtensibilityGlobals) = postSolution
		SolutionGuid = {E00EDBD3-6705-4C3C-9626-8078B3B3D9C2}
	EndGlobalSection
EndGlobal
